// !$*UTF8*$!
{
	archiveVersion = 1;
	classes = {
	};
	objectVersion = 50;
	objects = {

/* Begin PBXBuildFile section */
		1B319DA421254B8D00756F95 /* StandardGeoJSONTests.swift in Sources */ = {isa = PBXBuildFile; fileRef = 1B319DA321254B8D00756F95 /* StandardGeoJSONTests.swift */; };
		1B535B62212E79EF00A36E76 /* BetaNYC.swift in Sources */ = {isa = PBXBuildFile; fileRef = 1B535B61212E79EF00A36E76 /* BetaNYC.swift */; };
		1B535B64212E7F1A00A36E76 /* StandardGeoJSONTests2.swift in Sources */ = {isa = PBXBuildFile; fileRef = 1B535B63212E7F1A00A36E76 /* StandardGeoJSONTests2.swift */; };
		1B9A08B821254846006D5D3A /* Keyed+UnkeyedCodingContainer.swift in Sources */ = {isa = PBXBuildFile; fileRef = 1B9A08B721254846006D5D3A /* Keyed+UnkeyedCodingContainer.swift */; };
		1BE0EF832125391300C063B8 /* StellarJay.framework in Frameworks */ = {isa = PBXBuildFile; fileRef = 1BE0EF792125391300C063B8 /* StellarJay.framework */; };
		1BE0EF882125391300C063B8 /* StellarJayTests.swift in Sources */ = {isa = PBXBuildFile; fileRef = 1BE0EF872125391300C063B8 /* StellarJayTests.swift */; };
		1BE0EF8A2125391300C063B8 /* StellarJay.h in Headers */ = {isa = PBXBuildFile; fileRef = 1BE0EF7C2125391300C063B8 /* StellarJay.h */; settings = {ATTRIBUTES = (Public, ); }; };
		1BE0EF982125398D00C063B8 /* bear_transit.geojson in Resources */ = {isa = PBXBuildFile; fileRef = 1BE0EF962125398C00C063B8 /* bear_transit.geojson */; };
		1BE0EF992125398D00C063B8 /* bear_transit_stops.geojson in Resources */ = {isa = PBXBuildFile; fileRef = 1BE0EF972125398C00C063B8 /* bear_transit_stops.geojson */; };
		1BE0EF9C212539E400C063B8 /* GeoJSON.swift in Sources */ = {isa = PBXBuildFile; fileRef = 1BE0EF9B212539E400C063B8 /* GeoJSON.swift */; };
		1BE0EF9E212539EE00C063B8 /* Geometry.swift in Sources */ = {isa = PBXBuildFile; fileRef = 1BE0EF9D212539EE00C063B8 /* Geometry.swift */; };
		1BE0EFA0212539F500C063B8 /* Point.swift in Sources */ = {isa = PBXBuildFile; fileRef = 1BE0EF9F212539F500C063B8 /* Point.swift */; };
		1BE0EFA221253A0200C063B8 /* MultiPoint.swift in Sources */ = {isa = PBXBuildFile; fileRef = 1BE0EFA121253A0200C063B8 /* MultiPoint.swift */; };
		1BE0EFA421253A0900C063B8 /* LineString.swift in Sources */ = {isa = PBXBuildFile; fileRef = 1BE0EFA321253A0900C063B8 /* LineString.swift */; };
		1BE0EFA621253A4500C063B8 /* MultiLineString.swift in Sources */ = {isa = PBXBuildFile; fileRef = 1BE0EFA521253A4500C063B8 /* MultiLineString.swift */; };
		1BE0EFA821253A4F00C063B8 /* Polygon.swift in Sources */ = {isa = PBXBuildFile; fileRef = 1BE0EFA721253A4F00C063B8 /* Polygon.swift */; };
		1BE0EFAA21253A6300C063B8 /* MultiPolygon.swift in Sources */ = {isa = PBXBuildFile; fileRef = 1BE0EFA921253A6300C063B8 /* MultiPolygon.swift */; };
		1BE0EFAC21253A7600C063B8 /* Feature.swift in Sources */ = {isa = PBXBuildFile; fileRef = 1BE0EFAB21253A7600C063B8 /* Feature.swift */; };
		1BE0EFAE21253A7C00C063B8 /* FeatureCollection.swift in Sources */ = {isa = PBXBuildFile; fileRef = 1BE0EFAD21253A7C00C063B8 /* FeatureCollection.swift */; };
		1BE0EFB021253B6100C063B8 /* PositionContaining.swift in Sources */ = {isa = PBXBuildFile; fileRef = 1BE0EFAF21253B6100C063B8 /* PositionContaining.swift */; };
		1BE0EFB221253C0800C063B8 /* BearTransitRouteTests.swift in Sources */ = {isa = PBXBuildFile; fileRef = 1BE0EFB121253C0800C063B8 /* BearTransitRouteTests.swift */; };
		1BE0EFB421253C1F00C063B8 /* BearTransitStopTests.swift in Sources */ = {isa = PBXBuildFile; fileRef = 1BE0EFB321253C1F00C063B8 /* BearTransitStopTests.swift */; };
		1BE0EFB621253F2D00C063B8 /* BearTransit.swift in Sources */ = {isa = PBXBuildFile; fileRef = 1BE0EFB521253F2D00C063B8 /* BearTransit.swift */; };
/* End PBXBuildFile section */

/* Begin PBXContainerItemProxy section */
		1BE0EF842125391300C063B8 /* PBXContainerItemProxy */ = {
			isa = PBXContainerItemProxy;
			containerPortal = 1BE0EF702125391300C063B8 /* Project object */;
			proxyType = 1;
			remoteGlobalIDString = 1BE0EF782125391300C063B8;
			remoteInfo = StellarJay;
		};
/* End PBXContainerItemProxy section */

/* Begin PBXFileReference section */
		1B319DA321254B8D00756F95 /* StandardGeoJSONTests.swift */ = {isa = PBXFileReference; lastKnownFileType = sourcecode.swift; path = StandardGeoJSONTests.swift; sourceTree = "<group>"; };
		1B535B61212E79EF00A36E76 /* BetaNYC.swift */ = {isa = PBXFileReference; lastKnownFileType = sourcecode.swift; path = BetaNYC.swift; sourceTree = "<group>"; };
		1B535B63212E7F1A00A36E76 /* StandardGeoJSONTests2.swift */ = {isa = PBXFileReference; fileEncoding = 4; lastKnownFileType = sourcecode.swift; path = StandardGeoJSONTests2.swift; sourceTree = "<group>"; };
		1B535B65212E8BA600A36E76 /* nyc_special_purpose_zoning.geojson */ = {isa = PBXFileReference; lastKnownFileType = text; path = nyc_special_purpose_zoning.geojson; sourceTree = "<group>"; };
		1B9A08B721254846006D5D3A /* Keyed+UnkeyedCodingContainer.swift */ = {isa = PBXFileReference; lastKnownFileType = sourcecode.swift; path = "Keyed+UnkeyedCodingContainer.swift"; sourceTree = "<group>"; };
		1BE0EF792125391300C063B8 /* StellarJay.framework */ = {isa = PBXFileReference; explicitFileType = wrapper.framework; includeInIndex = 0; path = StellarJay.framework; sourceTree = BUILT_PRODUCTS_DIR; };
		1BE0EF7C2125391300C063B8 /* StellarJay.h */ = {isa = PBXFileReference; lastKnownFileType = sourcecode.c.h; path = StellarJay.h; sourceTree = "<group>"; };
		1BE0EF7D2125391300C063B8 /* Info.plist */ = {isa = PBXFileReference; lastKnownFileType = text.plist.xml; path = Info.plist; sourceTree = "<group>"; };
		1BE0EF822125391300C063B8 /* StellarJayTests.xctest */ = {isa = PBXFileReference; explicitFileType = wrapper.cfbundle; includeInIndex = 0; path = StellarJayTests.xctest; sourceTree = BUILT_PRODUCTS_DIR; };
		1BE0EF872125391300C063B8 /* StellarJayTests.swift */ = {isa = PBXFileReference; lastKnownFileType = sourcecode.swift; path = StellarJayTests.swift; sourceTree = "<group>"; };
		1BE0EF892125391300C063B8 /* Info.plist */ = {isa = PBXFileReference; lastKnownFileType = text.plist.xml; path = Info.plist; sourceTree = "<group>"; };
		1BE0EF962125398C00C063B8 /* bear_transit.geojson */ = {isa = PBXFileReference; fileEncoding = 4; lastKnownFileType = text; path = bear_transit.geojson; sourceTree = "<group>"; };
		1BE0EF972125398C00C063B8 /* bear_transit_stops.geojson */ = {isa = PBXFileReference; fileEncoding = 4; lastKnownFileType = text; path = bear_transit_stops.geojson; sourceTree = "<group>"; };
		1BE0EF9B212539E400C063B8 /* GeoJSON.swift */ = {isa = PBXFileReference; lastKnownFileType = sourcecode.swift; path = GeoJSON.swift; sourceTree = "<group>"; };
		1BE0EF9D212539EE00C063B8 /* Geometry.swift */ = {isa = PBXFileReference; lastKnownFileType = sourcecode.swift; path = Geometry.swift; sourceTree = "<group>"; };
		1BE0EF9F212539F500C063B8 /* Point.swift */ = {isa = PBXFileReference; lastKnownFileType = sourcecode.swift; path = Point.swift; sourceTree = "<group>"; };
		1BE0EFA121253A0200C063B8 /* MultiPoint.swift */ = {isa = PBXFileReference; lastKnownFileType = sourcecode.swift; path = MultiPoint.swift; sourceTree = "<group>"; };
		1BE0EFA321253A0900C063B8 /* LineString.swift */ = {isa = PBXFileReference; lastKnownFileType = sourcecode.swift; path = LineString.swift; sourceTree = "<group>"; };
		1BE0EFA521253A4500C063B8 /* MultiLineString.swift */ = {isa = PBXFileReference; lastKnownFileType = sourcecode.swift; path = MultiLineString.swift; sourceTree = "<group>"; };
		1BE0EFA721253A4F00C063B8 /* Polygon.swift */ = {isa = PBXFileReference; lastKnownFileType = sourcecode.swift; path = Polygon.swift; sourceTree = "<group>"; };
		1BE0EFA921253A6300C063B8 /* MultiPolygon.swift */ = {isa = PBXFileReference; lastKnownFileType = sourcecode.swift; path = MultiPolygon.swift; sourceTree = "<group>"; };
		1BE0EFAB21253A7600C063B8 /* Feature.swift */ = {isa = PBXFileReference; lastKnownFileType = sourcecode.swift; path = Feature.swift; sourceTree = "<group>"; };
		1BE0EFAD21253A7C00C063B8 /* FeatureCollection.swift */ = {isa = PBXFileReference; lastKnownFileType = sourcecode.swift; path = FeatureCollection.swift; sourceTree = "<group>"; };
		1BE0EFAF21253B6100C063B8 /* PositionContaining.swift */ = {isa = PBXFileReference; lastKnownFileType = sourcecode.swift; path = PositionContaining.swift; sourceTree = "<group>"; };
		1BE0EFB121253C0800C063B8 /* BearTransitRouteTests.swift */ = {isa = PBXFileReference; lastKnownFileType = sourcecode.swift; path = BearTransitRouteTests.swift; sourceTree = "<group>"; };
		1BE0EFB321253C1F00C063B8 /* BearTransitStopTests.swift */ = {isa = PBXFileReference; lastKnownFileType = sourcecode.swift; path = BearTransitStopTests.swift; sourceTree = "<group>"; };
		1BE0EFB521253F2D00C063B8 /* BearTransit.swift */ = {isa = PBXFileReference; lastKnownFileType = sourcecode.swift; path = BearTransit.swift; sourceTree = "<group>"; };
/* End PBXFileReference section */

/* Begin PBXFrameworksBuildPhase section */
		1BE0EF762125391300C063B8 /* Frameworks */ = {
			isa = PBXFrameworksBuildPhase;
			buildActionMask = 2147483647;
			files = (
			);
			runOnlyForDeploymentPostprocessing = 0;
		};
		1BE0EF7F2125391300C063B8 /* Frameworks */ = {
			isa = PBXFrameworksBuildPhase;
			buildActionMask = 2147483647;
			files = (
				1BE0EF832125391300C063B8 /* StellarJay.framework in Frameworks */,
			);
			runOnlyForDeploymentPostprocessing = 0;
		};
/* End PBXFrameworksBuildPhase section */

/* Begin PBXGroup section */
		1B535B5F212E78D400A36E76 /* BearTransit */ = {
			isa = PBXGroup;
			children = (
				1BE0EF962125398C00C063B8 /* bear_transit.geojson */,
				1BE0EF972125398C00C063B8 /* bear_transit_stops.geojson */,
				1BE0EFB521253F2D00C063B8 /* BearTransit.swift */,
			);
			name = BearTransit;
			sourceTree = "<group>";
		};
		1B535B60212E797300A36E76 /* betaNYC */ = {
			isa = PBXGroup;
			children = (
				1B535B61212E79EF00A36E76 /* BetaNYC.swift */,
				1B535B65212E8BA600A36E76 /* nyc_special_purpose_zoning.geojson */,
			);
			name = betaNYC;
			sourceTree = "<group>";
		};
		1BE0EF6F2125391300C063B8 = {
			isa = PBXGroup;
			children = (
				1BE0EF7B2125391300C063B8 /* StellarJay */,
				1BE0EF862125391300C063B8 /* StellarJayTests */,
				1BE0EF7A2125391300C063B8 /* Products */,
			);
			sourceTree = "<group>";
		};
		1BE0EF7A2125391300C063B8 /* Products */ = {
			isa = PBXGroup;
			children = (
				1BE0EF792125391300C063B8 /* StellarJay.framework */,
				1BE0EF822125391300C063B8 /* StellarJayTests.xctest */,
			);
			name = Products;
			sourceTree = "<group>";
		};
		1BE0EF7B2125391300C063B8 /* StellarJay */ = {
			isa = PBXGroup;
			children = (
				1BE0EF7C2125391300C063B8 /* StellarJay.h */,
				1BE0EF7D2125391300C063B8 /* Info.plist */,
				1BE0EF9B212539E400C063B8 /* GeoJSON.swift */,
				1BE0EF9D212539EE00C063B8 /* Geometry.swift */,
				1BE0EF9F212539F500C063B8 /* Point.swift */,
				1BE0EFA121253A0200C063B8 /* MultiPoint.swift */,
				1BE0EFA321253A0900C063B8 /* LineString.swift */,
				1BE0EFA521253A4500C063B8 /* MultiLineString.swift */,
				1BE0EFA721253A4F00C063B8 /* Polygon.swift */,
				1BE0EFA921253A6300C063B8 /* MultiPolygon.swift */,
				1BE0EFAB21253A7600C063B8 /* Feature.swift */,
				1BE0EFAD21253A7C00C063B8 /* FeatureCollection.swift */,
				1BE0EFAF21253B6100C063B8 /* PositionContaining.swift */,
				1B9A08B721254846006D5D3A /* Keyed+UnkeyedCodingContainer.swift */,
			);
			path = StellarJay;
			sourceTree = "<group>";
		};
		1BE0EF862125391300C063B8 /* StellarJayTests */ = {
			isa = PBXGroup;
			children = (
				1B535B63212E7F1A00A36E76 /* StandardGeoJSONTests2.swift */,
				1BE0EF9A2125399700C063B8 /* Sample Data */,
				1BE0EF872125391300C063B8 /* StellarJayTests.swift */,
				1BE0EFB121253C0800C063B8 /* BearTransitRouteTests.swift */,
				1BE0EFB321253C1F00C063B8 /* BearTransitStopTests.swift */,
				1BE0EF892125391300C063B8 /* Info.plist */,
				1B319DA321254B8D00756F95 /* StandardGeoJSONTests.swift */,
			);
			path = StellarJayTests;
			sourceTree = "<group>";
		};
		1BE0EF9A2125399700C063B8 /* Sample Data */ = {
			isa = PBXGroup;
			children = (
				1B535B60212E797300A36E76 /* betaNYC */,
				1B535B5F212E78D400A36E76 /* BearTransit */,
			);
			name = "Sample Data";
			sourceTree = "<group>";
		};
/* End PBXGroup section */

/* Begin PBXHeadersBuildPhase section */
		1BE0EF742125391300C063B8 /* Headers */ = {
			isa = PBXHeadersBuildPhase;
			buildActionMask = 2147483647;
			files = (
				1BE0EF8A2125391300C063B8 /* StellarJay.h in Headers */,
			);
			runOnlyForDeploymentPostprocessing = 0;
		};
/* End PBXHeadersBuildPhase section */

/* Begin PBXNativeTarget section */
		1BE0EF782125391300C063B8 /* StellarJay */ = {
			isa = PBXNativeTarget;
			buildConfigurationList = 1BE0EF8D2125391300C063B8 /* Build configuration list for PBXNativeTarget "StellarJay" */;
			buildPhases = (
				1BE0EF742125391300C063B8 /* Headers */,
				1BE0EF752125391300C063B8 /* Sources */,
				1BE0EF762125391300C063B8 /* Frameworks */,
				1BE0EF772125391300C063B8 /* Resources */,
			);
			buildRules = (
			);
			dependencies = (
			);
			name = StellarJay;
			productName = StellarJay;
			productReference = 1BE0EF792125391300C063B8 /* StellarJay.framework */;
			productType = "com.apple.product-type.framework";
		};
		1BE0EF812125391300C063B8 /* StellarJayTests */ = {
			isa = PBXNativeTarget;
			buildConfigurationList = 1BE0EF902125391300C063B8 /* Build configuration list for PBXNativeTarget "StellarJayTests" */;
			buildPhases = (
				1BE0EF7E2125391300C063B8 /* Sources */,
				1BE0EF7F2125391300C063B8 /* Frameworks */,
				1BE0EF802125391300C063B8 /* Resources */,
			);
			buildRules = (
			);
			dependencies = (
				1BE0EF852125391300C063B8 /* PBXTargetDependency */,
			);
			name = StellarJayTests;
			productName = StellarJayTests;
			productReference = 1BE0EF822125391300C063B8 /* StellarJayTests.xctest */;
			productType = "com.apple.product-type.bundle.unit-test";
		};
/* End PBXNativeTarget section */

/* Begin PBXProject section */
		1BE0EF702125391300C063B8 /* Project object */ = {
			isa = PBXProject;
			attributes = {
				LastSwiftUpdateCheck = 1000;
				LastUpgradeCheck = 1000;
				ORGANIZATIONNAME = sstadelman;
				TargetAttributes = {
					1BE0EF782125391300C063B8 = {
						CreatedOnToolsVersion = 10.0;
						LastSwiftMigration = 1000;
					};
					1BE0EF812125391300C063B8 = {
						CreatedOnToolsVersion = 10.0;
					};
				};
			};
			buildConfigurationList = 1BE0EF732125391300C063B8 /* Build configuration list for PBXProject "StellarJay" */;
			compatibilityVersion = "Xcode 9.3";
			developmentRegion = en;
			hasScannedForEncodings = 0;
			knownRegions = (
				en,
			);
			mainGroup = 1BE0EF6F2125391300C063B8;
			productRefGroup = 1BE0EF7A2125391300C063B8 /* Products */;
			projectDirPath = "";
			projectRoot = "";
			targets = (
				1BE0EF782125391300C063B8 /* StellarJay */,
				1BE0EF812125391300C063B8 /* StellarJayTests */,
			);
		};
/* End PBXProject section */

/* Begin PBXResourcesBuildPhase section */
		1BE0EF772125391300C063B8 /* Resources */ = {
			isa = PBXResourcesBuildPhase;
			buildActionMask = 2147483647;
			files = (
			);
			runOnlyForDeploymentPostprocessing = 0;
		};
		1BE0EF802125391300C063B8 /* Resources */ = {
			isa = PBXResourcesBuildPhase;
			buildActionMask = 2147483647;
			files = (
				1BE0EF982125398D00C063B8 /* bear_transit.geojson in Resources */,
				1BE0EF992125398D00C063B8 /* bear_transit_stops.geojson in Resources */,
			);
			runOnlyForDeploymentPostprocessing = 0;
		};
/* End PBXResourcesBuildPhase section */

/* Begin PBXSourcesBuildPhase section */
		1BE0EF752125391300C063B8 /* Sources */ = {
			isa = PBXSourcesBuildPhase;
			buildActionMask = 2147483647;
			files = (
				1BE0EFAA21253A6300C063B8 /* MultiPolygon.swift in Sources */,
				1BE0EFB021253B6100C063B8 /* PositionContaining.swift in Sources */,
				1B9A08B821254846006D5D3A /* Keyed+UnkeyedCodingContainer.swift in Sources */,
				1BE0EFA621253A4500C063B8 /* MultiLineString.swift in Sources */,
				1BE0EFA221253A0200C063B8 /* MultiPoint.swift in Sources */,
				1BE0EF9C212539E400C063B8 /* GeoJSON.swift in Sources */,
				1BE0EF9E212539EE00C063B8 /* Geometry.swift in Sources */,
				1BE0EFA0212539F500C063B8 /* Point.swift in Sources */,
				1BE0EFAE21253A7C00C063B8 /* FeatureCollection.swift in Sources */,
				1BE0EFAC21253A7600C063B8 /* Feature.swift in Sources */,
				1BE0EFA421253A0900C063B8 /* LineString.swift in Sources */,
				1BE0EFA821253A4F00C063B8 /* Polygon.swift in Sources */,
			);
			runOnlyForDeploymentPostprocessing = 0;
		};
		1BE0EF7E2125391300C063B8 /* Sources */ = {
			isa = PBXSourcesBuildPhase;
			buildActionMask = 2147483647;
			files = (
				1BE0EF882125391300C063B8 /* StellarJayTests.swift in Sources */,
				1BE0EFB221253C0800C063B8 /* BearTransitRouteTests.swift in Sources */,
				1BE0EFB421253C1F00C063B8 /* BearTransitStopTests.swift in Sources */,
				1BE0EFB621253F2D00C063B8 /* BearTransit.swift in Sources */,
				1B535B64212E7F1A00A36E76 /* StandardGeoJSONTests2.swift in Sources */,
				1B535B62212E79EF00A36E76 /* BetaNYC.swift in Sources */,
				1B319DA421254B8D00756F95 /* StandardGeoJSONTests.swift in Sources */,
			);
			runOnlyForDeploymentPostprocessing = 0;
		};
/* End PBXSourcesBuildPhase section */

/* Begin PBXTargetDependency section */
		1BE0EF852125391300C063B8 /* PBXTargetDependency */ = {
			isa = PBXTargetDependency;
			target = 1BE0EF782125391300C063B8 /* StellarJay */;
			targetProxy = 1BE0EF842125391300C063B8 /* PBXContainerItemProxy */;
		};
/* End PBXTargetDependency section */

/* Begin XCBuildConfiguration section */
		1BE0EF8B2125391300C063B8 /* Debug */ = {
			isa = XCBuildConfiguration;
			buildSettings = {
				ALWAYS_SEARCH_USER_PATHS = NO;
				CLANG_ANALYZER_NONNULL = YES;
				CLANG_ANALYZER_NUMBER_OBJECT_CONVERSION = YES_AGGRESSIVE;
				CLANG_CXX_LANGUAGE_STANDARD = "gnu++14";
				CLANG_CXX_LIBRARY = "libc++";
				CLANG_ENABLE_MODULES = YES;
				CLANG_ENABLE_OBJC_ARC = YES;
				CLANG_ENABLE_OBJC_WEAK = YES;
				CLANG_WARN_BLOCK_CAPTURE_AUTORELEASING = YES;
				CLANG_WARN_BOOL_CONVERSION = YES;
				CLANG_WARN_COMMA = YES;
				CLANG_WARN_CONSTANT_CONVERSION = YES;
				CLANG_WARN_DEPRECATED_OBJC_IMPLEMENTATIONS = YES;
				CLANG_WARN_DIRECT_OBJC_ISA_USAGE = YES_ERROR;
				CLANG_WARN_DOCUMENTATION_COMMENTS = YES;
				CLANG_WARN_EMPTY_BODY = YES;
				CLANG_WARN_ENUM_CONVERSION = YES;
				CLANG_WARN_INFINITE_RECURSION = YES;
				CLANG_WARN_INT_CONVERSION = YES;
				CLANG_WARN_NON_LITERAL_NULL_CONVERSION = YES;
				CLANG_WARN_OBJC_IMPLICIT_RETAIN_SELF = YES;
				CLANG_WARN_OBJC_LITERAL_CONVERSION = YES;
				CLANG_WARN_OBJC_ROOT_CLASS = YES_ERROR;
				CLANG_WARN_RANGE_LOOP_ANALYSIS = YES;
				CLANG_WARN_STRICT_PROTOTYPES = YES;
				CLANG_WARN_SUSPICIOUS_MOVE = YES;
				CLANG_WARN_UNGUARDED_AVAILABILITY = YES_AGGRESSIVE;
				CLANG_WARN_UNREACHABLE_CODE = YES;
				CLANG_WARN__DUPLICATE_METHOD_MATCH = YES;
				CODE_SIGN_IDENTITY = "iPhone Developer";
				COPY_PHASE_STRIP = NO;
				CURRENT_PROJECT_VERSION = 1;
				DEBUG_INFORMATION_FORMAT = dwarf;
				ENABLE_STRICT_OBJC_MSGSEND = YES;
				ENABLE_TESTABILITY = YES;
				GCC_C_LANGUAGE_STANDARD = gnu11;
				GCC_DYNAMIC_NO_PIC = NO;
				GCC_NO_COMMON_BLOCKS = YES;
				GCC_OPTIMIZATION_LEVEL = 0;
				GCC_PREPROCESSOR_DEFINITIONS = (
					"DEBUG=1",
					"$(inherited)",
				);
				GCC_WARN_64_TO_32_BIT_CONVERSION = YES;
				GCC_WARN_ABOUT_RETURN_TYPE = YES_ERROR;
				GCC_WARN_UNDECLARED_SELECTOR = YES;
				GCC_WARN_UNINITIALIZED_AUTOS = YES_AGGRESSIVE;
				GCC_WARN_UNUSED_FUNCTION = YES;
				GCC_WARN_UNUSED_VARIABLE = YES;
				IPHONEOS_DEPLOYMENT_TARGET = 12.0;
				MTL_ENABLE_DEBUG_INFO = INCLUDE_SOURCE;
				MTL_FAST_MATH = YES;
				ONLY_ACTIVE_ARCH = YES;
				SDKROOT = iphoneos;
				SWIFT_ACTIVE_COMPILATION_CONDITIONS = DEBUG;
				SWIFT_OPTIMIZATION_LEVEL = "-Onone";
				VERSIONING_SYSTEM = "apple-generic";
				VERSION_INFO_PREFIX = "";
			};
			name = Debug;
		};
		1BE0EF8C2125391300C063B8 /* Release */ = {
			isa = XCBuildConfiguration;
			buildSettings = {
				ALWAYS_SEARCH_USER_PATHS = NO;
				CLANG_ANALYZER_NONNULL = YES;
				CLANG_ANALYZER_NUMBER_OBJECT_CONVERSION = YES_AGGRESSIVE;
				CLANG_CXX_LANGUAGE_STANDARD = "gnu++14";
				CLANG_CXX_LIBRARY = "libc++";
				CLANG_ENABLE_MODULES = YES;
				CLANG_ENABLE_OBJC_ARC = YES;
				CLANG_ENABLE_OBJC_WEAK = YES;
				CLANG_WARN_BLOCK_CAPTURE_AUTORELEASING = YES;
				CLANG_WARN_BOOL_CONVERSION = YES;
				CLANG_WARN_COMMA = YES;
				CLANG_WARN_CONSTANT_CONVERSION = YES;
				CLANG_WARN_DEPRECATED_OBJC_IMPLEMENTATIONS = YES;
				CLANG_WARN_DIRECT_OBJC_ISA_USAGE = YES_ERROR;
				CLANG_WARN_DOCUMENTATION_COMMENTS = YES;
				CLANG_WARN_EMPTY_BODY = YES;
				CLANG_WARN_ENUM_CONVERSION = YES;
				CLANG_WARN_INFINITE_RECURSION = YES;
				CLANG_WARN_INT_CONVERSION = YES;
				CLANG_WARN_NON_LITERAL_NULL_CONVERSION = YES;
				CLANG_WARN_OBJC_IMPLICIT_RETAIN_SELF = YES;
				CLANG_WARN_OBJC_LITERAL_CONVERSION = YES;
				CLANG_WARN_OBJC_ROOT_CLASS = YES_ERROR;
				CLANG_WARN_RANGE_LOOP_ANALYSIS = YES;
				CLANG_WARN_STRICT_PROTOTYPES = YES;
				CLANG_WARN_SUSPICIOUS_MOVE = YES;
				CLANG_WARN_UNGUARDED_AVAILABILITY = YES_AGGRESSIVE;
				CLANG_WARN_UNREACHABLE_CODE = YES;
				CLANG_WARN__DUPLICATE_METHOD_MATCH = YES;
				CODE_SIGN_IDENTITY = "iPhone Developer";
				COPY_PHASE_STRIP = NO;
				CURRENT_PROJECT_VERSION = 1;
				DEBUG_INFORMATION_FORMAT = "dwarf-with-dsym";
				ENABLE_NS_ASSERTIONS = NO;
				ENABLE_STRICT_OBJC_MSGSEND = YES;
				GCC_C_LANGUAGE_STANDARD = gnu11;
				GCC_NO_COMMON_BLOCKS = YES;
				GCC_WARN_64_TO_32_BIT_CONVERSION = YES;
				GCC_WARN_ABOUT_RETURN_TYPE = YES_ERROR;
				GCC_WARN_UNDECLARED_SELECTOR = YES;
				GCC_WARN_UNINITIALIZED_AUTOS = YES_AGGRESSIVE;
				GCC_WARN_UNUSED_FUNCTION = YES;
				GCC_WARN_UNUSED_VARIABLE = YES;
				IPHONEOS_DEPLOYMENT_TARGET = 12.0;
				MTL_ENABLE_DEBUG_INFO = NO;
				MTL_FAST_MATH = YES;
				SDKROOT = iphoneos;
				SWIFT_COMPILATION_MODE = wholemodule;
				SWIFT_OPTIMIZATION_LEVEL = "-O";
				VALIDATE_PRODUCT = YES;
				VERSIONING_SYSTEM = "apple-generic";
				VERSION_INFO_PREFIX = "";
			};
			name = Release;
		};
		1BE0EF8E2125391300C063B8 /* Debug */ = {
			isa = XCBuildConfiguration;
			buildSettings = {
				CLANG_ENABLE_MODULES = YES;
				CODE_SIGN_IDENTITY = "";
				CODE_SIGN_STYLE = Automatic;
				DEFINES_MODULE = YES;
				DEVELOPMENT_TEAM = 6F9SQVL3N2;
				DYLIB_COMPATIBILITY_VERSION = 1;
				DYLIB_CURRENT_VERSION = 1;
				DYLIB_INSTALL_NAME_BASE = "@rpath";
				INFOPLIST_FILE = StellarJay/Info.plist;
				INSTALL_PATH = "$(LOCAL_LIBRARY_DIR)/Frameworks";
				IPHONEOS_DEPLOYMENT_TARGET = 11.0;
				LD_RUNPATH_SEARCH_PATHS = (
					"$(inherited)",
					"@executable_path/Frameworks",
					"@loader_path/Frameworks",
				);
				PRODUCT_BUNDLE_IDENTIFIER = sstadelman.StellarJay;
				PRODUCT_NAME = "$(TARGET_NAME:c99extidentifier)";
				SKIP_INSTALL = YES;
				SWIFT_OPTIMIZATION_LEVEL = "-Onone";
				SWIFT_VERSION = 4.2;
				TARGETED_DEVICE_FAMILY = "1,2";
			};
			name = Debug;
		};
		1BE0EF8F2125391300C063B8 /* Release */ = {
			isa = XCBuildConfiguration;
			buildSettings = {
				CLANG_ENABLE_MODULES = YES;
				CODE_SIGN_IDENTITY = "";
				CODE_SIGN_STYLE = Automatic;
				DEFINES_MODULE = YES;
				DEVELOPMENT_TEAM = 6F9SQVL3N2;
				DYLIB_COMPATIBILITY_VERSION = 1;
				DYLIB_CURRENT_VERSION = 1;
				DYLIB_INSTALL_NAME_BASE = "@rpath";
				INFOPLIST_FILE = StellarJay/Info.plist;
				INSTALL_PATH = "$(LOCAL_LIBRARY_DIR)/Frameworks";
				IPHONEOS_DEPLOYMENT_TARGET = 11.0;
				LD_RUNPATH_SEARCH_PATHS = (
					"$(inherited)",
					"@executable_path/Frameworks",
					"@loader_path/Frameworks",
				);
				PRODUCT_BUNDLE_IDENTIFIER = sstadelman.StellarJay;
				PRODUCT_NAME = "$(TARGET_NAME:c99extidentifier)";
				SKIP_INSTALL = YES;
				SWIFT_VERSION = 4.2;
				TARGETED_DEVICE_FAMILY = "1,2";
			};
			name = Release;
		};
		1BE0EF912125391300C063B8 /* Debug */ = {
			isa = XCBuildConfiguration;
			buildSettings = {
				ALWAYS_EMBED_SWIFT_STANDARD_LIBRARIES = YES;
				CODE_SIGN_STYLE = Automatic;
				DEVELOPMENT_TEAM = 6F9SQVL3N2;
				INFOPLIST_FILE = StellarJayTests/Info.plist;
				LD_RUNPATH_SEARCH_PATHS = (
					"$(inherited)",
					"@executable_path/Frameworks",
					"@loader_path/Frameworks",
				);
				PRODUCT_BUNDLE_IDENTIFIER = sstadelman.StellarJayTests;
				PRODUCT_NAME = "$(TARGET_NAME)";
				SWIFT_VERSION = 4.2;
				TARGETED_DEVICE_FAMILY = "1,2";
			};
			name = Debug;
		};
		1BE0EF922125391300C063B8 /* Release */ = {
			isa = XCBuildConfiguration;
			buildSettings = {
				ALWAYS_EMBED_SWIFT_STANDARD_LIBRARIES = YES;
				CODE_SIGN_STYLE = Automatic;
				DEVELOPMENT_TEAM = 6F9SQVL3N2;
				INFOPLIST_FILE = StellarJayTests/Info.plist;
				LD_RUNPATH_SEARCH_PATHS = (
					"$(inherited)",
					"@executable_path/Frameworks",
					"@loader_path/Frameworks",
				);
				PRODUCT_BUNDLE_IDENTIFIER = sstadelman.StellarJayTests;
				PRODUCT_NAME = "$(TARGET_NAME)";
				SWIFT_VERSION = 4.2;
				TARGETED_DEVICE_FAMILY = "1,2";
			};
			name = Release;
		};
/* End XCBuildConfiguration section */

/* Begin XCConfigurationList section */
		1BE0EF732125391300C063B8 /* Build configuration list for PBXProject "StellarJay" */ = {
			isa = XCConfigurationList;
			buildConfigurations = (
				1BE0EF8B2125391300C063B8 /* Debug */,
				1BE0EF8C2125391300C063B8 /* Release */,
			);
			defaultConfigurationIsVisible = 0;
			defaultConfigurationName = Release;
		};
		1BE0EF8D2125391300C063B8 /* Build configuration list for PBXNativeTarget "StellarJay" */ = {
			isa = XCConfigurationList;
			buildConfigurations = (
				1BE0EF8E2125391300C063B8 /* Debug */,
				1BE0EF8F2125391300C063B8 /* Release */,
			);
			defaultConfigurationIsVisible = 0;
			defaultConfigurationName = Release;
		};
		1BE0EF902125391300C063B8 /* Build configuration list for PBXNativeTarget "StellarJayTests" */ = {
			isa = XCConfigurationList;
			buildConfigurations = (
				1BE0EF912125391300C063B8 /* Debug */,
				1BE0EF922125391300C063B8 /* Release */,
			);
			defaultConfigurationIsVisible = 0;
			defaultConfigurationName = Release;
		};
/* End XCConfigurationList section */
	};
	rootObject = 1BE0EF702125391300C063B8 /* Project object */;
}
